<?xml version="1.0" encoding="UTF-8"?>
<Scheme
   version = "1.3">
   <BuildAction>
      <BuildActionEntries>
         <BuildActionEntry
            buildForRunning = "YES">
            <BuildableReference
               BuildableIdentifier = "primary"
               BlueprintIdentifier = "1BE14F3327D0F00800CD1533"
               BuildableName = "UnlimitedAccess.app"
               BlueprintName = "UnlimitedAccess"
               ReferencedContainer = "container:UnlimitedAccess.xcodeproj">
            </BuildableReference>
         </BuildActionEntry>
      </BuildActionEntries>
   </BuildAction>
   <LaunchAction
      useCustomWorkingDirectory = "NO"
      buildConfiguration = "Debug"
      allowLocationSimulation = "YES">
      <BuildableProductRunnable>
         <BuildableReference
            BuildableIdentifier = "primary"
            BlueprintIdentifier = "1BE14F3327D0F00800CD1533"
            BuildableName = "UnlimitedAccess.app"
            BlueprintName = "UnlimitedAccess"
            ReferencedContainer = "container:UnlimitedAccess.xcodeproj">
         </BuildableReference>
      </BuildableProductRunnable>
   </LaunchAction>
</Scheme>
